
Microsoft Visual Studio Solution File, Format Version 12.00
# Visual Studio Version 17
VisualStudioVersion = 17.14.36623.8
MinimumVisualStudioVersion = 10.0.40219.1
Project("{FAE04EC0-301F-11D3-BF4B-00C04F79EFBC}") = "Task 1", "Task 1\Task 1.csproj", "{0C606804-CA73-4861-BF62-726B187BF0CE}"
EndProject
Project("{2150E333-8FDC-42A3-9474-1A3956D46DE8}") = "Solution Items", "Solution Items", "{8EC462FD-D22E-90A8-E5CE-7E832BA40C5D}"
	ProjectSection(SolutionItems) = preProject
		.gitignore = .gitignore
	EndProjectSection
EndProject
Project("{FAE04EC0-301F-11D3-BF4B-00C04F79EFBC}") = "Task 2", "Task 2\Task 2.csproj", "{490B37FE-C246-402A-9872-6E54310BF220}"
EndProject
Project("{FAE04EC0-301F-11D3-BF4B-00C04F79EFBC}") = "Task 3", "Task 3\Task 3.csproj", "{FB58C60A-128B-4A9C-9833-F9E55D7F2F89}"
EndProject
Global
	GlobalSection(SolutionConfigurationPlatforms) = preSolution
		Debug|Any CPU = Debug|Any CPU
		Release|Any CPU = Release|Any CPU
	EndGlobalSection
	GlobalSection(ProjectConfigurationPlatforms) = postSolution
		{0C606804-CA73-4861-BF62-726B187BF0CE}.Debug|Any CPU.ActiveCfg = Debug|Any CPU
		{0C606804-CA73-4861-BF62-726B187BF0CE}.Debug|Any CPU.Build.0 = Debug|Any CPU
		{0C606804-CA73-4861-BF62-726B187BF0CE}.Release|Any CPU.ActiveCfg = Release|Any CPU
		{0C606804-CA73-4861-BF62-726B187BF0CE}.Release|Any CPU.Build.0 = Release|Any CPU
		{490B37FE-C246-402A-9872-6E54310BF220}.Debug|Any CPU.ActiveCfg = Debug|Any CPU
		{490B37FE-C246-402A-9872-6E54310BF220}.Debug|Any CPU.Build.0 = Debug|Any CPU
		{490B37FE-C246-402A-9872-6E54310BF220}.Release|Any CPU.ActiveCfg = Release|Any CPU
		{490B37FE-C246-402A-9872-6E54310BF220}.Release|Any CPU.Build.0 = Release|Any CPU
		{FB58C60A-128B-4A9C-9833-F9E55D7F2F89}.Debug|Any CPU.ActiveCfg = Debug|Any CPU
		{FB58C60A-128B-4A9C-9833-F9E55D7F2F89}.Debug|Any CPU.Build.0 = Debug|Any CPU
		{FB58C60A-128B-4A9C-9833-F9E55D7F2F89}.Release|Any CPU.ActiveCfg = Release|Any CPU
		{FB58C60A-128B-4A9C-9833-F9E55D7F2F89}.Release|Any CPU.Build.0 = Release|Any CPU
	EndGlobalSection
	GlobalSection(SolutionProperties) = preSolution
		HideSolutionNode = FALSE
	EndGlobalSection
	GlobalSection(ExtensibilityGlobals) = postSolution
		SolutionGuid = {1E6BBFF7-1DD4-49DC-8790-E3ADD48E047D}
	EndGlobalSection
EndGlobal
